# generated by rye
# use `rye lock` or `rye sync` to update this lockfile
#
# last locked with the following flags:
#   pre: false
#   features: []
#   all-features: false
#   with-sources: false
#   generate-hashes: false
#   universal: false

-e file:.
aiofiles==23.2.1
    # via chainlit
annotated-types==0.7.0
    # via pydantic
anyio==3.7.1
    # via asyncer
    # via httpx
    # via starlette
    # via watchfiles
asyncer==0.0.2
    # via chainlit
bidict==0.23.1
    # via python-socketio
certifi==2024.7.4
    # via httpcore
    # via httpx
    # via requests
chainlit==1.1.402
    # via chatbot
charset-normalizer==3.3.2
    # via requests
chevron==0.14.0
    # via literalai
click==8.1.7
    # via chainlit
    # via uvicorn
dataclasses-json==0.5.14
    # via chainlit
deprecated==1.2.14
    # via opentelemetry-api
    # via opentelemetry-exporter-otlp-proto-grpc
    # via opentelemetry-exporter-otlp-proto-http
    # via opentelemetry-semantic-conventions
fastapi==0.110.3
    # via chainlit
filetype==1.2.0
    # via chainlit
googleapis-common-protos==1.63.2
    # via opentelemetry-exporter-otlp-proto-grpc
    # via opentelemetry-exporter-otlp-proto-http
grpcio==1.65.5
    # via opentelemetry-exporter-otlp-proto-grpc
h11==0.14.0
    # via httpcore
    # via uvicorn
    # via wsproto
httpcore==1.0.5
    # via httpx
httpx==0.27.0
    # via chainlit
    # via literalai
idna==3.7
    # via anyio
    # via httpx
    # via requests
importlib-metadata==8.0.0
    # via opentelemetry-api
lazify==0.4.0
    # via chainlit
literalai==0.0.607
    # via chainlit
marshmallow==3.22.0
    # via dataclasses-json
mypy-extensions==1.0.0
    # via typing-inspect
nest-asyncio==1.6.0
    # via chainlit
numpy==1.26.4
    # via chainlit
opentelemetry-api==1.26.0
    # via opentelemetry-exporter-otlp-proto-grpc
    # via opentelemetry-exporter-otlp-proto-http
    # via opentelemetry-instrumentation
    # via opentelemetry-sdk
    # via opentelemetry-semantic-conventions
    # via uptrace
opentelemetry-exporter-otlp==1.26.0
    # via uptrace
opentelemetry-exporter-otlp-proto-common==1.26.0
    # via opentelemetry-exporter-otlp-proto-grpc
    # via opentelemetry-exporter-otlp-proto-http
opentelemetry-exporter-otlp-proto-grpc==1.26.0
    # via opentelemetry-exporter-otlp
opentelemetry-exporter-otlp-proto-http==1.26.0
    # via opentelemetry-exporter-otlp
opentelemetry-instrumentation==0.47b0
    # via uptrace
opentelemetry-proto==1.26.0
    # via opentelemetry-exporter-otlp-proto-common
    # via opentelemetry-exporter-otlp-proto-grpc
    # via opentelemetry-exporter-otlp-proto-http
opentelemetry-sdk==1.26.0
    # via opentelemetry-exporter-otlp-proto-grpc
    # via opentelemetry-exporter-otlp-proto-http
    # via uptrace
opentelemetry-semantic-conventions==0.47b0
    # via opentelemetry-sdk
packaging==23.2
    # via chainlit
    # via literalai
    # via marshmallow
protobuf==4.25.4
    # via googleapis-common-protos
    # via opentelemetry-proto
pydantic==2.8.2
    # via chainlit
    # via fastapi
    # via literalai
pydantic-core==2.20.1
    # via pydantic
pyjwt==2.9.0
    # via chainlit
python-dotenv==1.0.1
    # via chainlit
python-engineio==4.9.1
    # via python-socketio
python-multipart==0.0.9
    # via chainlit
python-socketio==5.11.3
    # via chainlit
requests==2.32.3
    # via opentelemetry-exporter-otlp-proto-http
setuptools==73.0.1
    # via opentelemetry-instrumentation
simple-websocket==1.0.0
    # via python-engineio
sniffio==1.3.1
    # via anyio
    # via httpx
starlette==0.37.2
    # via chainlit
    # via fastapi
syncer==2.0.3
    # via chainlit
tomli==2.0.1
    # via chainlit
typing-extensions==4.12.2
    # via fastapi
    # via opentelemetry-sdk
    # via pydantic
    # via pydantic-core
    # via typing-inspect
typing-inspect==0.9.0
    # via dataclasses-json
uptrace==1.26.0
    # via chainlit
urllib3==2.2.2
    # via requests
uvicorn==0.25.0
    # via chainlit
watchfiles==0.20.0
    # via chainlit
wrapt==1.16.0
    # via deprecated
    # via opentelemetry-instrumentation
wsproto==1.2.0
    # via simple-websocket
zipp==3.20.0
    # via importlib-metadata
