# generated by rye
# use `rye lock` or `rye sync` to update this lockfile
#
# last locked with the following flags:
#   pre: false
#   features: []
#   all-features: false
#   with-sources: false
#   generate-hashes: false
#   universal: false

-e file:.
aiohappyeyeballs==2.4.0
    # via aiohttp
aiohttp==3.10.5
    # via langchain
    # via langchain-community
    # via llama-index-core
    # via llama-index-legacy
aiosignal==1.3.1
    # via aiohttp
altair==5.4.1
    # via streamlit
annotated-types==0.7.0
    # via pydantic
antlr4-python3-runtime==4.9.3
    # via omegaconf
anyascii==0.3.2
    # via python-doctr
anyio==4.4.0
    # via httpx
    # via openai
appnope==0.1.4
    # via ipykernel
asttokens==2.4.1
    # via stack-data
attrs==24.2.0
    # via aiohttp
    # via jsonschema
    # via referencing
backoff==2.2.1
    # via unstructured
beautifulsoup4==4.12.3
    # via llama-index-readers-file
    # via unstructured
blinker==1.8.2
    # via streamlit
cachetools==5.5.0
    # via google-auth
    # via streamlit
certifi==2024.7.4
    # via httpcore
    # via httpx
    # via requests
    # via unstructured-client
cffi==1.17.1
    # via cryptography
chardet==5.2.0
    # via unstructured
charset-normalizer==3.3.2
    # via pdfminer-six
    # via requests
    # via unstructured-client
click==8.1.7
    # via nltk
    # via python-oxmsg
    # via streamlit
cobble==0.1.4
    # via mammoth
coloredlogs==15.0.1
    # via onnxruntime
comm==0.2.2
    # via ipykernel
contourpy==1.2.1
    # via matplotlib
cryptography==43.0.1
    # via pdfminer-six
cycler==0.12.1
    # via matplotlib
dataclasses-json==0.6.7
    # via langchain-community
    # via llama-index-core
    # via llama-index-legacy
    # via unstructured
    # via unstructured-client
debugpy==1.8.5
    # via ipykernel
decorator==5.1.1
    # via ipython
deepdiff==7.0.1
    # via unstructured-client
defusedxml==0.7.1
    # via python-doctr
deprecated==1.2.14
    # via llama-index-core
    # via llama-index-legacy
    # via pikepdf
diff-match-patch==20230430
    # via diff-assistant
dirtyjson==1.0.8
    # via llama-index-core
    # via llama-index-legacy
distro==1.9.0
    # via openai
docx2txt==0.8
    # via diff-assistant
effdet==0.4.1
    # via unstructured
emoji==2.12.1
    # via unstructured
et-xmlfile==1.1.0
    # via openpyxl
executing==2.0.1
    # via stack-data
faiss-cpu==1.8.0.post1
    # via diff-assistant
filelock==3.15.4
    # via huggingface-hub
    # via torch
    # via transformers
filetype==1.2.0
    # via unstructured
fire==0.6.0
    # via pdf2docx
flatbuffers==24.3.25
    # via onnxruntime
fonttools==4.53.1
    # via matplotlib
    # via pdf2docx
frozenlist==1.4.1
    # via aiohttp
    # via aiosignal
fsspec==2024.6.1
    # via huggingface-hub
    # via llama-index-core
    # via llama-index-legacy
    # via torch
gitdb==4.0.11
    # via gitpython
gitpython==3.1.43
    # via streamlit
google-api-core==2.19.2
    # via google-cloud-vision
google-auth==2.34.0
    # via google-api-core
    # via google-cloud-vision
google-cloud-vision==3.7.4
    # via unstructured
googleapis-common-protos==1.65.0
    # via google-api-core
    # via grpcio-status
greenlet==3.0.3
    # via sqlalchemy
grpcio==1.66.1
    # via google-api-core
    # via grpcio-status
grpcio-status==1.66.1
    # via google-api-core
h11==0.14.0
    # via httpcore
h5py==3.11.0
    # via python-doctr
httpcore==1.0.5
    # via httpx
httpx==0.27.0
    # via langsmith
    # via llama-cloud
    # via llama-index-core
    # via llama-index-legacy
    # via openai
    # via unstructured-client
huggingface-hub==0.24.6
    # via python-doctr
    # via timm
    # via tokenizers
    # via transformers
    # via unstructured-inference
humanfriendly==10.0
    # via coloredlogs
idna==3.7
    # via anyio
    # via httpx
    # via requests
    # via unstructured-client
    # via yarl
iopath==0.1.10
    # via layoutparser
ipykernel==6.29.5
    # via diff-assistant
ipython==8.26.0
    # via ipykernel
jedi==0.19.1
    # via ipython
jinja2==3.1.4
    # via altair
    # via pydeck
    # via torch
jiter==0.5.0
    # via openai
joblib==1.4.2
    # via nltk
    # via scikit-learn
jsonpatch==1.33
    # via langchain-core
jsonpath-python==1.0.6
    # via unstructured-client
jsonpointer==3.0.0
    # via jsonpatch
jsonschema==4.23.0
    # via altair
jsonschema-specifications==2023.12.1
    # via jsonschema
jupyter-client==8.6.2
    # via ipykernel
jupyter-core==5.7.2
    # via ipykernel
    # via jupyter-client
kiwisolver==1.4.5
    # via matplotlib
langchain==0.2.16
    # via diff-assistant
    # via langchain-community
    # via megaparse
langchain-community==0.2.16
    # via megaparse
langchain-core==0.2.39
    # via langchain
    # via langchain-community
    # via langchain-openai
    # via langchain-text-splitters
    # via megaparse
langchain-openai==0.1.24
    # via diff-assistant
    # via megaparse
langchain-text-splitters==0.2.4
    # via langchain
langdetect==1.0.9
    # via python-doctr
    # via unstructured
langsmith==0.1.118
    # via langchain
    # via langchain-community
    # via langchain-core
layoutparser==0.3.4
    # via unstructured-inference
llama-cloud==0.0.17
    # via llama-index-indices-managed-llama-cloud
llama-index==0.11.8
    # via diff-assistant
    # via megaparse
llama-index-agent-openai==0.3.1
    # via llama-index
    # via llama-index-llms-openai
    # via llama-index-program-openai
llama-index-cli==0.3.1
    # via llama-index
llama-index-core==0.11.8
    # via llama-index
    # via llama-index-agent-openai
    # via llama-index-cli
    # via llama-index-embeddings-openai
    # via llama-index-indices-managed-llama-cloud
    # via llama-index-llms-openai
    # via llama-index-multi-modal-llms-openai
    # via llama-index-program-openai
    # via llama-index-question-gen-openai
    # via llama-index-readers-file
    # via llama-index-readers-llama-parse
    # via llama-parse
llama-index-embeddings-openai==0.2.4
    # via llama-index
    # via llama-index-cli
llama-index-indices-managed-llama-cloud==0.3.0
    # via llama-index
llama-index-legacy==0.9.48.post3
    # via llama-index
llama-index-llms-openai==0.2.3
    # via diff-assistant
    # via llama-index
    # via llama-index-agent-openai
    # via llama-index-cli
    # via llama-index-multi-modal-llms-openai
    # via llama-index-program-openai
    # via llama-index-question-gen-openai
llama-index-multi-modal-llms-openai==0.2.0
    # via llama-index
llama-index-program-openai==0.2.0
    # via llama-index
    # via llama-index-question-gen-openai
llama-index-question-gen-openai==0.2.0
    # via llama-index
llama-index-readers-file==0.2.1
    # via diff-assistant
    # via llama-index
llama-index-readers-llama-parse==0.3.0
    # via llama-index
llama-parse==0.5.3
    # via llama-index-readers-llama-parse
    # via megaparse
llvmlite==0.43.0
    # via numba
lxml==5.3.0
    # via pikepdf
    # via python-docx
    # via python-pptx
    # via unstructured
mammoth==1.8.0
    # via megaparse
markdown-it-py==3.0.0
    # via rich
markupsafe==2.1.5
    # via jinja2
marshmallow==3.22.0
    # via dataclasses-json
    # via unstructured-client
matplotlib==3.9.2
    # via diff-assistant
    # via mplcursors
    # via pycocotools
    # via unstructured-inference
matplotlib-inline==0.1.7
    # via ipykernel
    # via ipython
mdurl==0.1.2
    # via markdown-it-py
megaparse==0.0.31
    # via diff-assistant
mplcursors==0.5.3
    # via diff-assistant
mpmath==1.3.0
    # via sympy
multidict==6.0.5
    # via aiohttp
    # via yarl
mypy-extensions==1.0.0
    # via typing-inspect
    # via unstructured-client
narwhals==1.6.2
    # via altair
nest-asyncio==1.6.0
    # via ipykernel
    # via llama-index-core
    # via llama-index-legacy
    # via unstructured-client
networkx==3.3
    # via llama-index-core
    # via llama-index-legacy
    # via torch
nltk==3.9.1
    # via llama-index
    # via llama-index-core
    # via llama-index-legacy
    # via unstructured
numba==0.60.0
    # via diff-assistant
numpy==1.26.4
    # via contourpy
    # via diff-assistant
    # via faiss-cpu
    # via h5py
    # via langchain
    # via langchain-community
    # via layoutparser
    # via llama-index-core
    # via llama-index-legacy
    # via matplotlib
    # via numba
    # via onnx
    # via onnxruntime
    # via opencv-python
    # via opencv-python-headless
    # via pandas
    # via pdf2docx
    # via pyarrow
    # via pycocotools
    # via pydeck
    # via python-doctr
    # via scikit-learn
    # via scipy
    # via shapely
    # via streamlit
    # via torchvision
    # via transformers
    # via unstructured
olefile==0.47
    # via python-oxmsg
omegaconf==2.3.0
    # via effdet
onnx==1.16.2
    # via python-doctr
    # via unstructured
    # via unstructured-inference
onnxruntime==1.19.2
    # via unstructured-inference
openai==1.44.1
    # via diff-assistant
    # via langchain-openai
    # via llama-index-agent-openai
    # via llama-index-embeddings-openai
    # via llama-index-legacy
    # via llama-index-llms-openai
opencv-python==4.10.0.84
    # via diff-assistant
    # via layoutparser
    # via python-doctr
    # via unstructured-inference
opencv-python-headless==4.10.0.84
    # via pdf2docx
openpyxl==3.1.5
    # via diff-assistant
ordered-set==4.1.0
    # via deepdiff
orjson==3.10.7
    # via langsmith
packaging==24.1
    # via altair
    # via faiss-cpu
    # via huggingface-hub
    # via ipykernel
    # via langchain-core
    # via marshmallow
    # via matplotlib
    # via onnxruntime
    # via pikepdf
    # via streamlit
    # via transformers
    # via unstructured-client
    # via unstructured-pytesseract
pandas==2.2.2
    # via diff-assistant
    # via layoutparser
    # via llama-index-legacy
    # via llama-index-readers-file
    # via streamlit
parso==0.8.4
    # via jedi
pdf2docx==0.5.8
    # via megaparse
pdf2image==1.17.0
    # via layoutparser
    # via unstructured
pdfminer-six==20231228
    # via pdfplumber
    # via unstructured
pdfplumber==0.11.4
    # via layoutparser
    # via megaparse
pexpect==4.9.0
    # via ipython
pi-heif==0.18.0
    # via unstructured
pikepdf==9.2.1
    # via unstructured
pillow==10.4.0
    # via layoutparser
    # via llama-index-core
    # via matplotlib
    # via pdf2image
    # via pdfplumber
    # via pi-heif
    # via pikepdf
    # via python-doctr
    # via python-pptx
    # via streamlit
    # via torchvision
    # via unstructured-pytesseract
platformdirs==4.2.2
    # via jupyter-core
portalocker==2.10.1
    # via iopath
prompt-toolkit==3.0.47
    # via ipython
proto-plus==1.24.0
    # via google-api-core
    # via google-cloud-vision
protobuf==5.27.3
    # via google-api-core
    # via google-cloud-vision
    # via googleapis-common-protos
    # via grpcio-status
    # via onnx
    # via onnxruntime
    # via proto-plus
    # via streamlit
psutil==6.0.0
    # via ipykernel
    # via unstructured
ptyprocess==0.7.0
    # via pexpect
pure-eval==0.2.3
    # via stack-data
pyarrow==17.0.0
    # via streamlit
pyasn1==0.6.1
    # via pyasn1-modules
    # via rsa
pyasn1-modules==0.4.1
    # via google-auth
pyclipper==1.3.0.post5
    # via python-doctr
pycocotools==2.0.8
    # via effdet
pycparser==2.22
    # via cffi
pycryptodome==3.20.0
    # via megaparse
pydantic==2.8.2
    # via langchain
    # via langchain-core
    # via langsmith
    # via llama-cloud
    # via llama-index-core
    # via openai
pydantic-core==2.20.1
    # via pydantic
pydeck==0.9.1
    # via streamlit
pygments==2.18.0
    # via ipython
    # via rich
pymupdf==1.24.10
    # via pdf2docx
pymupdfb==1.24.10
    # via pymupdf
pyparsing==3.1.2
    # via matplotlib
pypdf==4.3.1
    # via diff-assistant
    # via llama-index-readers-file
    # via unstructured
    # via unstructured-client
pypdfium2==4.30.0
    # via diff-assistant
    # via pdfplumber
    # via python-doctr
python-dateutil==2.9.0.post0
    # via jupyter-client
    # via matplotlib
    # via pandas
    # via unstructured-client
python-doctr==0.9.0
    # via diff-assistant
python-docx==1.1.2
    # via megaparse
    # via pdf2docx
python-dotenv==1.0.1
    # via diff-assistant
    # via megaparse
python-iso639==2024.4.27
    # via unstructured
python-magic==0.4.27
    # via diff-assistant
    # via unstructured
python-multipart==0.0.9
    # via unstructured-inference
python-oxmsg==0.0.1
    # via unstructured
python-pptx==1.0.2
    # via megaparse
pytz==2024.1
    # via pandas
pyyaml==6.0.2
    # via huggingface-hub
    # via langchain
    # via langchain-community
    # via langchain-core
    # via layoutparser
    # via llama-index-core
    # via omegaconf
    # via timm
    # via transformers
pyzmq==26.1.1
    # via ipykernel
    # via jupyter-client
rapidfuzz==3.9.6
    # via python-doctr
    # via unstructured
    # via unstructured-inference
referencing==0.35.1
    # via jsonschema
    # via jsonschema-specifications
regex==2024.7.24
    # via nltk
    # via tiktoken
    # via transformers
requests==2.32.3
    # via google-api-core
    # via huggingface-hub
    # via langchain
    # via langchain-community
    # via langsmith
    # via llama-index-core
    # via llama-index-legacy
    # via requests-toolbelt
    # via streamlit
    # via tiktoken
    # via transformers
    # via unstructured
    # via unstructured-client
requests-toolbelt==1.0.0
    # via unstructured-client
rich==13.8.0
    # via streamlit
rpds-py==0.20.0
    # via jsonschema
    # via referencing
rsa==4.9
    # via google-auth
safetensors==0.4.5
    # via timm
    # via transformers
scikit-learn==1.5.1
    # via diff-assistant
scipy==1.14.1
    # via layoutparser
    # via python-doctr
    # via scikit-learn
shapely==2.0.6
    # via python-doctr
six==1.16.0
    # via asttokens
    # via fire
    # via langdetect
    # via python-dateutil
    # via unstructured-client
smmap==5.0.1
    # via gitdb
sniffio==1.3.1
    # via anyio
    # via httpx
    # via openai
soupsieve==2.6
    # via beautifulsoup4
sqlalchemy==2.0.32
    # via langchain
    # via langchain-community
    # via llama-index-core
    # via llama-index-legacy
stack-data==0.6.3
    # via ipython
streamlit==1.38.0
    # via diff-assistant
striprtf==0.0.26
    # via llama-index-readers-file
sympy==1.13.2
    # via onnxruntime
    # via torch
tabulate==0.9.0
    # via unstructured
tenacity==8.5.0
    # via langchain
    # via langchain-community
    # via langchain-core
    # via llama-index-core
    # via llama-index-legacy
    # via streamlit
termcolor==2.4.0
    # via fire
threadpoolctl==3.5.0
    # via scikit-learn
tiktoken==0.7.0
    # via langchain-openai
    # via llama-index-core
    # via llama-index-legacy
timm==1.0.9
    # via effdet
    # via unstructured-inference
tokenizers==0.19.1
    # via transformers
toml==0.10.2
    # via streamlit
torch==2.3.1
    # via diff-assistant
    # via effdet
    # via python-doctr
    # via timm
    # via torchvision
    # via unstructured-inference
torchvision==0.18.1
    # via effdet
    # via python-doctr
    # via timm
tornado==6.4.1
    # via ipykernel
    # via jupyter-client
    # via streamlit
tqdm==4.66.5
    # via huggingface-hub
    # via iopath
    # via llama-index-core
    # via nltk
    # via openai
    # via python-doctr
    # via transformers
    # via unstructured
traitlets==5.14.3
    # via comm
    # via ipykernel
    # via ipython
    # via jupyter-client
    # via jupyter-core
    # via matplotlib-inline
transformers==4.44.2
    # via unstructured-inference
typing-extensions==4.12.2
    # via altair
    # via emoji
    # via huggingface-hub
    # via iopath
    # via ipython
    # via langchain-core
    # via llama-index-core
    # via llama-index-legacy
    # via openai
    # via pydantic
    # via pydantic-core
    # via python-docx
    # via python-oxmsg
    # via python-pptx
    # via sqlalchemy
    # via streamlit
    # via torch
    # via typing-inspect
    # via unstructured
    # via unstructured-client
typing-inspect==0.9.0
    # via dataclasses-json
    # via llama-index-core
    # via llama-index-legacy
    # via unstructured-client
tzdata==2024.1
    # via pandas
unstructured==0.15.9
    # via diff-assistant
    # via megaparse
unstructured-client==0.25.5
    # via unstructured
unstructured-inference==0.7.36
    # via unstructured
unstructured-pytesseract==0.3.13
    # via unstructured
urllib3==2.2.2
    # via requests
    # via unstructured-client
wcwidth==0.2.13
    # via prompt-toolkit
wrapt==1.16.0
    # via deprecated
    # via llama-index-core
    # via unstructured
xlsxwriter==3.2.0
    # via python-pptx
yarl==1.9.7
    # via aiohttp
