# THIS IS AN AUTOGENERATED FILE. DO NOT EDIT THIS FILE DIRECTLY.
# yarn lockfile v1


"@remirror/core-constants@^2.0.2":
  version "2.0.2"
  resolved "https://registry.npmjs.org/@remirror/core-constants/-/core-constants-2.0.2.tgz"
  integrity sha512-dyHY+sMF0ihPus3O27ODd4+agdHMEmuRdyiZJ2CCWjPV5UFmn17ZbElvk6WOGVE4rdCJKZQCrPV2BcikOMLUGQ==

"@tiptap/core@^2.0.0":
  version "2.4.0"
  resolved "https://registry.npmjs.org/@tiptap/core/-/core-2.4.0.tgz"
  integrity sha512-YJSahk8pkxpCs8SflCZfTnJpE7IPyUWIylfgXM2DefjRQa5DZ+c6sNY0s/zbxKYFQ6AuHVX40r9pCfcqHChGxQ==

"@tiptap/extension-typography@^2.4.0":
  version "2.4.0"
  resolved "https://registry.npmjs.org/@tiptap/extension-typography/-/extension-typography-2.4.0.tgz"
  integrity sha512-RuGenfdPA6ggu5IVLdcIdhGCdRlwSvWp0lETySM3PILE6fxCrxTD54m3pxpY0Q1cg+F71YDUHdSmSipQTwQnsQ==

"@tiptap/pm@^2.0.0":
  version "2.4.0"
  resolved "https://registry.npmjs.org/@tiptap/pm/-/pm-2.4.0.tgz"
  integrity sha512-B1HMEqGS4MzIVXnpgRZDLm30mxDWj51LkBT/if1XD+hj5gm8B9Q0c84bhvODX6KIs+c6z+zsY9VkVu8w9Yfgxg==
  dependencies:
    prosemirror-changeset "^2.2.1"
    prosemirror-collab "^1.3.1"
    prosemirror-commands "^1.5.2"
    prosemirror-dropcursor "^1.8.1"
    prosemirror-gapcursor "^1.3.2"
    prosemirror-history "^1.3.2"
    prosemirror-inputrules "^1.3.0"
    prosemirror-keymap "^1.2.2"
    prosemirror-markdown "^1.12.0"
    prosemirror-menu "^1.2.4"
    prosemirror-model "^1.19.4"
    prosemirror-schema-basic "^1.2.2"
    prosemirror-schema-list "^1.3.0"
    prosemirror-state "^1.4.3"
    prosemirror-tables "^1.3.5"
    prosemirror-trailing-node "^2.0.7"
    prosemirror-transform "^1.8.0"
    prosemirror-view "^1.32.7"

argparse@^2.0.1:
  version "2.0.1"
  resolved "https://registry.npmjs.org/argparse/-/argparse-2.0.1.tgz"
  integrity sha512-8+9WqebbFzpX9OR+Wa6O29asIogeRMzcGtAINdpMHHyAg10f05aSFVBbcEqGf/PXw1EjAZ+q2/bEBg3DvurK3Q==

crelt@^1.0.0:
  version "1.0.6"
  resolved "https://registry.npmjs.org/crelt/-/crelt-1.0.6.tgz"
  integrity sha512-VQ2MBenTq1fWZUH9DJNGti7kKv6EeAuYr3cLwxUWhIu1baTaXh4Ib5W2CqHVqib4/MqbYGJqiL3Zb8GJZr3l4g==

entities@^4.4.0:
  version "4.5.0"
  resolved "https://registry.npmjs.org/entities/-/entities-4.5.0.tgz"
  integrity sha512-V0hjH4dGPh9Ao5p0MoRY6BVqtwCjhz6vI5LT8AJ55H+4g9/4vbHx1I54fS0XuclLhDHArPQCiMjDxjaL8fPxhw==

escape-string-regexp@^4.0.0:
  version "4.0.0"
  resolved "https://registry.npmjs.org/escape-string-regexp/-/escape-string-regexp-4.0.0.tgz"
  integrity sha512-TtpcNJ3XAzx3Gq8sWRzJaVajRs0uVxA2YAkdb1jm2YkPz4G6egUFAyA3n5vtEIZefPk5Wa4UXbKuS5fKkJWdgA==

linkify-it@^5.0.0:
  version "5.0.0"
  resolved "https://registry.npmjs.org/linkify-it/-/linkify-it-5.0.0.tgz"
  integrity sha512-5aHCbzQRADcdP+ATqnDuhhJ/MRIqDkZX5pyjFHRRysS8vZ5AbqGEoFIb6pYHPZ+L/OC2Lc+xT8uHVVR5CAK/wQ==
  dependencies:
    uc.micro "^2.0.0"

markdown-it@^14.0.0:
  version "14.1.0"
  resolved "https://registry.npmjs.org/markdown-it/-/markdown-it-14.1.0.tgz"
  integrity sha512-a54IwgWPaeBCAAsv13YgmALOF1elABB08FxO9i+r4VFk5Vl4pKokRPeX8u5TCgSsPi6ec1otfLjdOpVcgbpshg==
  dependencies:
    argparse "^2.0.1"
    entities "^4.4.0"
    linkify-it "^5.0.0"
    mdurl "^2.0.0"
    punycode.js "^2.3.1"
    uc.micro "^2.1.0"

mdurl@^2.0.0:
  version "2.0.0"
  resolved "https://registry.npmjs.org/mdurl/-/mdurl-2.0.0.tgz"
  integrity sha512-Lf+9+2r+Tdp5wXDXC4PcIBjTDtq4UKjCPMQhKIuzpJNW0b96kVqSwW0bT7FhRSfmAiFYgP+SCRvdrDozfh0U5w==

orderedmap@^2.0.0:
  version "2.1.1"
  resolved "https://registry.npmjs.org/orderedmap/-/orderedmap-2.1.1.tgz"
  integrity sha512-TvAWxi0nDe1j/rtMcWcIj94+Ffe6n7zhow33h40SKxmsmozs6dz/e+EajymfoFcHd7sxNn8yHM8839uixMOV6g==

prosemirror-changeset@^2.2.1:
  version "2.2.1"
  resolved "https://registry.npmjs.org/prosemirror-changeset/-/prosemirror-changeset-2.2.1.tgz"
  integrity sha512-J7msc6wbxB4ekDFj+n9gTW/jav/p53kdlivvuppHsrZXCaQdVgRghoZbSS3kwrRyAstRVQ4/+u5k7YfLgkkQvQ==
  dependencies:
    prosemirror-transform "^1.0.0"

prosemirror-collab@^1.3.1:
  version "1.3.1"
  resolved "https://registry.npmjs.org/prosemirror-collab/-/prosemirror-collab-1.3.1.tgz"
  integrity sha512-4SnynYR9TTYaQVXd/ieUvsVV4PDMBzrq2xPUWutHivDuOshZXqQ5rGbZM84HEaXKbLdItse7weMGOUdDVcLKEQ==
  dependencies:
    prosemirror-state "^1.0.0"

prosemirror-commands@^1.0.0, prosemirror-commands@^1.5.2:
  version "1.5.2"
  resolved "https://registry.npmjs.org/prosemirror-commands/-/prosemirror-commands-1.5.2.tgz"
  integrity sha512-hgLcPaakxH8tu6YvVAaILV2tXYsW3rAdDR8WNkeKGcgeMVQg3/TMhPdVoh7iAmfgVjZGtcOSjKiQaoeKjzd2mQ==
  dependencies:
    prosemirror-model "^1.0.0"
    prosemirror-state "^1.0.0"
    prosemirror-transform "^1.0.0"

prosemirror-dropcursor@^1.8.1:
  version "1.8.1"
  resolved "https://registry.npmjs.org/prosemirror-dropcursor/-/prosemirror-dropcursor-1.8.1.tgz"
  integrity sha512-M30WJdJZLyXHi3N8vxN6Zh5O8ZBbQCz0gURTfPmTIBNQ5pxrdU7A58QkNqfa98YEjSAL1HUyyU34f6Pm5xBSGw==
  dependencies:
    prosemirror-state "^1.0.0"
    prosemirror-transform "^1.1.0"
    prosemirror-view "^1.1.0"

prosemirror-gapcursor@^1.3.2:
  version "1.3.2"
  resolved "https://registry.npmjs.org/prosemirror-gapcursor/-/prosemirror-gapcursor-1.3.2.tgz"
  integrity sha512-wtjswVBd2vaQRrnYZaBCbyDqr232Ed4p2QPtRIUK5FuqHYKGWkEwl08oQM4Tw7DOR0FsasARV5uJFvMZWxdNxQ==
  dependencies:
    prosemirror-keymap "^1.0.0"
    prosemirror-model "^1.0.0"
    prosemirror-state "^1.0.0"
    prosemirror-view "^1.0.0"

prosemirror-history@^1.0.0, prosemirror-history@^1.3.2:
  version "1.4.0"
  resolved "https://registry.npmjs.org/prosemirror-history/-/prosemirror-history-1.4.0.tgz"
  integrity sha512-UUiGzDVcqo1lovOPdi9YxxUps3oBFWAIYkXLu3Ot+JPv1qzVogRbcizxK3LhHmtaUxclohgiOVesRw5QSlMnbQ==
  dependencies:
    prosemirror-state "^1.2.2"
    prosemirror-transform "^1.0.0"
    prosemirror-view "^1.31.0"
    rope-sequence "^1.3.0"

prosemirror-inputrules@^1.3.0:
  version "1.4.0"
  resolved "https://registry.npmjs.org/prosemirror-inputrules/-/prosemirror-inputrules-1.4.0.tgz"
  integrity sha512-6ygpPRuTJ2lcOXs9JkefieMst63wVJBgHZGl5QOytN7oSZs3Co/BYbc3Yx9zm9H37Bxw8kVzCnDsihsVsL4yEg==
  dependencies:
    prosemirror-state "^1.0.0"
    prosemirror-transform "^1.0.0"

prosemirror-keymap@^1.0.0, prosemirror-keymap@^1.1.2, prosemirror-keymap@^1.2.2:
  version "1.2.2"
  resolved "https://registry.npmjs.org/prosemirror-keymap/-/prosemirror-keymap-1.2.2.tgz"
  integrity sha512-EAlXoksqC6Vbocqc0GtzCruZEzYgrn+iiGnNjsJsH4mrnIGex4qbLdWWNza3AW5W36ZRrlBID0eM6bdKH4OStQ==
  dependencies:
    prosemirror-state "^1.0.0"
    w3c-keyname "^2.2.0"

prosemirror-markdown@^1.12.0:
  version "1.12.0"
  resolved "https://registry.npmjs.org/prosemirror-markdown/-/prosemirror-markdown-1.12.0.tgz"
  integrity sha512-6F5HS8Z0HDYiS2VQDZzfZP6A0s/I0gbkJy8NCzzDMtcsz3qrfqyroMMeoSjAmOhDITyon11NbXSzztfKi+frSQ==
  dependencies:
    markdown-it "^14.0.0"
    prosemirror-model "^1.0.0"

prosemirror-menu@^1.2.4:
  version "1.2.4"
  resolved "https://registry.npmjs.org/prosemirror-menu/-/prosemirror-menu-1.2.4.tgz"
  integrity sha512-S/bXlc0ODQup6aiBbWVsX/eM+xJgCTAfMq/nLqaO5ID/am4wS0tTCIkzwytmao7ypEtjj39i7YbJjAgO20mIqA==
  dependencies:
    crelt "^1.0.0"
    prosemirror-commands "^1.0.0"
    prosemirror-history "^1.0.0"
    prosemirror-state "^1.0.0"

prosemirror-model@^1.0.0, prosemirror-model@^1.19.0, prosemirror-model@^1.19.4, prosemirror-model@^1.20.0, prosemirror-model@^1.21.0, prosemirror-model@^1.8.1:
  version "1.21.0"
  resolved "https://registry.npmjs.org/prosemirror-model/-/prosemirror-model-1.21.0.tgz"
  integrity sha512-zLpS1mVCZLA7VTp82P+BfMiYVPcX1/z0Mf3gsjKZtzMWubwn2pN7CceMV0DycjlgE5JeXPR7UF4hJPbBV98oWA==
  dependencies:
    orderedmap "^2.0.0"

prosemirror-schema-basic@^1.2.2:
  version "1.2.2"
  resolved "https://registry.npmjs.org/prosemirror-schema-basic/-/prosemirror-schema-basic-1.2.2.tgz"
  integrity sha512-/dT4JFEGyO7QnNTe9UaKUhjDXbTNkiWTq/N4VpKaF79bBjSExVV2NXmJpcM7z/gD7mbqNjxbmWW5nf1iNSSGnw==
  dependencies:
    prosemirror-model "^1.19.0"

prosemirror-schema-list@^1.3.0:
  version "1.3.0"
  resolved "https://registry.npmjs.org/prosemirror-schema-list/-/prosemirror-schema-list-1.3.0.tgz"
  integrity sha512-Hz/7gM4skaaYfRPNgr421CU4GSwotmEwBVvJh5ltGiffUJwm7C8GfN/Bc6DR1EKEp5pDKhODmdXXyi9uIsZl5A==
  dependencies:
    prosemirror-model "^1.0.0"
    prosemirror-state "^1.0.0"
    prosemirror-transform "^1.7.3"

prosemirror-state@^1.0.0, prosemirror-state@^1.2.2, prosemirror-state@^1.3.1, prosemirror-state@^1.4.2, prosemirror-state@^1.4.3:
  version "1.4.3"
  resolved "https://registry.npmjs.org/prosemirror-state/-/prosemirror-state-1.4.3.tgz"
  integrity sha512-goFKORVbvPuAQaXhpbemJFRKJ2aixr+AZMGiquiqKxaucC6hlpHNZHWgz5R7dS4roHiwq9vDctE//CZ++o0W1Q==
  dependencies:
    prosemirror-model "^1.0.0"
    prosemirror-transform "^1.0.0"
    prosemirror-view "^1.27.0"

prosemirror-tables@^1.3.5:
  version "1.3.7"
  resolved "https://registry.npmjs.org/prosemirror-tables/-/prosemirror-tables-1.3.7.tgz"
  integrity sha512-oEwX1wrziuxMtwFvdDWSFHVUWrFJWt929kVVfHvtTi8yvw+5ppxjXZkMG/fuTdFo+3DXyIPSKfid+Be1npKXDA==
  dependencies:
    prosemirror-keymap "^1.1.2"
    prosemirror-model "^1.8.1"
    prosemirror-state "^1.3.1"
    prosemirror-transform "^1.2.1"
    prosemirror-view "^1.13.3"

prosemirror-trailing-node@^2.0.7:
  version "2.0.8"
  resolved "https://registry.npmjs.org/prosemirror-trailing-node/-/prosemirror-trailing-node-2.0.8.tgz"
  integrity sha512-ujRYhSuhQb1Jsarh1IHqb2KoSnRiD7wAMDGucP35DN7j5af6X7B18PfdPIrbwsPTqIAj0fyOvxbuPsWhNvylmA==
  dependencies:
    "@remirror/core-constants" "^2.0.2"
    escape-string-regexp "^4.0.0"

prosemirror-transform@^1.0.0, prosemirror-transform@^1.1.0, prosemirror-transform@^1.2.1, prosemirror-transform@^1.7.3, prosemirror-transform@^1.8.0:
  version "1.9.0"
  resolved "https://registry.npmjs.org/prosemirror-transform/-/prosemirror-transform-1.9.0.tgz"
  integrity sha512-5UXkr1LIRx3jmpXXNKDhv8OyAOeLTGuXNwdVfg8x27uASna/wQkr9p6fD3eupGOi4PLJfbezxTyi/7fSJypXHg==
  dependencies:
    prosemirror-model "^1.21.0"

prosemirror-view@^1.0.0, prosemirror-view@^1.1.0, prosemirror-view@^1.13.3, prosemirror-view@^1.27.0, prosemirror-view@^1.31.0, prosemirror-view@^1.31.2, prosemirror-view@^1.32.7:
  version "1.33.6"
  resolved "https://registry.npmjs.org/prosemirror-view/-/prosemirror-view-1.33.6.tgz"
  integrity sha512-zRLUNgLIQfd8IfGprsXxWTjdA8xEAFJe8cDNrOptj6Mop9sj+BMeVbJvceyAYCm5G2dOdT2prctH7K9dfnpIMw==
  dependencies:
    prosemirror-model "^1.20.0"
    prosemirror-state "^1.0.0"
    prosemirror-transform "^1.1.0"

punycode.js@^2.3.1:
  version "2.3.1"
  resolved "https://registry.npmjs.org/punycode.js/-/punycode.js-2.3.1.tgz"
  integrity sha512-uxFIHU0YlHYhDQtV4R9J6a52SLx28BCjT+4ieh7IGbgwVJWO+km431c4yRlREUAsAmt/uMjQUyQHNEPf0M39CA==

rope-sequence@^1.3.0:
  version "1.3.4"
  resolved "https://registry.npmjs.org/rope-sequence/-/rope-sequence-1.3.4.tgz"
  integrity sha512-UT5EDe2cu2E/6O4igUr5PSFs23nvvukicWHx6GnOPlHAiiYbzNuCRQCuiUdHJQcqKalLKlrYJnjY0ySGsXNQXQ==

uc.micro@^2.0.0, uc.micro@^2.1.0:
  version "2.1.0"
  resolved "https://registry.npmjs.org/uc.micro/-/uc.micro-2.1.0.tgz"
  integrity sha512-ARDJmphmdvUk6Glw7y9DQ2bFkKBHwQHLi2lsaH6PPmz/Ka9sFOBsBluozhDltWmnv9u/cF6Rt87znRTPV+yp/A==

w3c-keyname@^2.2.0:
  version "2.2.8"
  resolved "https://registry.npmjs.org/w3c-keyname/-/w3c-keyname-2.2.8.tgz"
  integrity sha512-dpojBhNsCNN7T82Tm7k26A6G9ML3NkhDsnw9n/eoxSRlVBB4CEtIQ/KTCLI2Fwf3ataSXRhYFkQi3SlnFwPvPQ==
